
Microsoft Visual Studio Solution File, Format Version 12.00
Project("{FAE04EC0-301F-11D3-BF4B-00C04F79EFBC}") = "Dntc.Cli", "Dntc.Cli\Dntc.Cli.csproj", "{7E3F377D-0630-403A-A932-714747B63922}"
EndProject
Project("{FAE04EC0-301F-11D3-BF4B-00C04F79EFBC}") = "Dntc.Common", "Dntc.Common\Dntc.Common.csproj", "{1BD08044-8624-44FF-857A-7B2B2C668BC1}"
EndProject
Project("{2150E333-8FDC-42A3-9474-1A3956D46DE8}") = "Samples", "Samples", "{C9F60E92-3C28-497D-B688-BDA03B48EC11}"
EndProject
Project("{2150E333-8FDC-42A3-9474-1A3956D46DE8}") = "Octahedron", "Octahedron", "{CA66C664-57B2-40BD-983E-86B883FF3B10}"
EndProject
Project("{FAE04EC0-301F-11D3-BF4B-00C04F79EFBC}") = "Dntc.Samples.Octahedron.Common", "Samples\Octahedron\Dntc.Samples.Octahedron.Common\Dntc.Samples.Octahedron.Common.csproj", "{347960D7-FD74-4F97-8963-4DE9FF1A3AF5}"
EndProject
Project("{FAE04EC0-301F-11D3-BF4B-00C04F79EFBC}") = "Dntc.Samples.Octahedron.Monogame", "Samples\Octahedron\Dntc.Samples.Octahedron.Monogame\Dntc.Samples.Octahedron.Monogame.csproj", "{BD2FF69D-79BA-4BB9-9C0A-FC32B91A030B}"
EndProject
Project("{2150E333-8FDC-42A3-9474-1A3956D46DE8}") = "Scratchpad", "Scratchpad", "{E310BDFB-EA3A-4BB6-8F70-7BC154D9EE72}"
EndProject
Project("{FAE04EC0-301F-11D3-BF4B-00C04F79EFBC}") = "ScratchpadCSharp", "Samples\Scratchpad\ScratchpadCSharp\ScratchpadCSharp.csproj", "{0DD96CDF-B137-451E-A534-9E559AC2CD97}"
EndProject
Project("{FAE04EC0-301F-11D3-BF4B-00C04F79EFBC}") = "Dntc.Attributes", "Dntc.Attributes\Dntc.Attributes.csproj", "{1CD17D7D-787A-43D3-8808-D1F81A256790}"
EndProject
Global
	GlobalSection(SolutionConfigurationPlatforms) = preSolution
		Debug|Any CPU = Debug|Any CPU
		Release|Any CPU = Release|Any CPU
	EndGlobalSection
	GlobalSection(ProjectConfigurationPlatforms) = postSolution
		{7E3F377D-0630-403A-A932-714747B63922}.Debug|Any CPU.ActiveCfg = Debug|Any CPU
		{7E3F377D-0630-403A-A932-714747B63922}.Debug|Any CPU.Build.0 = Debug|Any CPU
		{7E3F377D-0630-403A-A932-714747B63922}.Release|Any CPU.ActiveCfg = Release|Any CPU
		{7E3F377D-0630-403A-A932-714747B63922}.Release|Any CPU.Build.0 = Release|Any CPU
		{1BD08044-8624-44FF-857A-7B2B2C668BC1}.Debug|Any CPU.ActiveCfg = Debug|Any CPU
		{1BD08044-8624-44FF-857A-7B2B2C668BC1}.Debug|Any CPU.Build.0 = Debug|Any CPU
		{1BD08044-8624-44FF-857A-7B2B2C668BC1}.Release|Any CPU.ActiveCfg = Release|Any CPU
		{1BD08044-8624-44FF-857A-7B2B2C668BC1}.Release|Any CPU.Build.0 = Release|Any CPU
		{347960D7-FD74-4F97-8963-4DE9FF1A3AF5}.Debug|Any CPU.ActiveCfg = Debug|Any CPU
		{347960D7-FD74-4F97-8963-4DE9FF1A3AF5}.Debug|Any CPU.Build.0 = Debug|Any CPU
		{347960D7-FD74-4F97-8963-4DE9FF1A3AF5}.Release|Any CPU.ActiveCfg = Release|Any CPU
		{347960D7-FD74-4F97-8963-4DE9FF1A3AF5}.Release|Any CPU.Build.0 = Release|Any CPU
		{BD2FF69D-79BA-4BB9-9C0A-FC32B91A030B}.Debug|Any CPU.ActiveCfg = Debug|Any CPU
		{BD2FF69D-79BA-4BB9-9C0A-FC32B91A030B}.Debug|Any CPU.Build.0 = Debug|Any CPU
		{BD2FF69D-79BA-4BB9-9C0A-FC32B91A030B}.Release|Any CPU.ActiveCfg = Release|Any CPU
		{BD2FF69D-79BA-4BB9-9C0A-FC32B91A030B}.Release|Any CPU.Build.0 = Release|Any CPU
		{0DD96CDF-B137-451E-A534-9E559AC2CD97}.Debug|Any CPU.ActiveCfg = Debug|Any CPU
		{0DD96CDF-B137-451E-A534-9E559AC2CD97}.Debug|Any CPU.Build.0 = Debug|Any CPU
		{0DD96CDF-B137-451E-A534-9E559AC2CD97}.Release|Any CPU.ActiveCfg = Release|Any CPU
		{0DD96CDF-B137-451E-A534-9E559AC2CD97}.Release|Any CPU.Build.0 = Release|Any CPU
		{1CD17D7D-787A-43D3-8808-D1F81A256790}.Debug|Any CPU.ActiveCfg = Debug|Any CPU
		{1CD17D7D-787A-43D3-8808-D1F81A256790}.Debug|Any CPU.Build.0 = Debug|Any CPU
		{1CD17D7D-787A-43D3-8808-D1F81A256790}.Release|Any CPU.ActiveCfg = Release|Any CPU
		{1CD17D7D-787A-43D3-8808-D1F81A256790}.Release|Any CPU.Build.0 = Release|Any CPU
	EndGlobalSection
	GlobalSection(NestedProjects) = preSolution
		{CA66C664-57B2-40BD-983E-86B883FF3B10} = {C9F60E92-3C28-497D-B688-BDA03B48EC11}
		{347960D7-FD74-4F97-8963-4DE9FF1A3AF5} = {CA66C664-57B2-40BD-983E-86B883FF3B10}
		{BD2FF69D-79BA-4BB9-9C0A-FC32B91A030B} = {CA66C664-57B2-40BD-983E-86B883FF3B10}
		{E310BDFB-EA3A-4BB6-8F70-7BC154D9EE72} = {C9F60E92-3C28-497D-B688-BDA03B48EC11}
		{0DD96CDF-B137-451E-A534-9E559AC2CD97} = {E310BDFB-EA3A-4BB6-8F70-7BC154D9EE72}
	EndGlobalSection
EndGlobal
